
Microsoft Visual Studio Solution File, Format Version 12.00
# Visual Studio 15
VisualStudioVersion = 15.0.28010.2003
MinimumVisualStudioVersion = 10.0.40219.1
Project("{FAE04EC0-301F-11D3-BF4B-00C04F79EFBC}") = "CIS560-RecipeManager", "CIS560-RecipeManager\CIS560-RecipeManager.csproj", "{91AB99F6-CE5B-4E65-8247-9A55C7BB02BB}"
EndProject
Global
	GlobalSection(SolutionConfigurationPlatforms) = preSolution
		Debug|Any CPU = Debug|Any CPU
		Release|Any CPU = Release|Any CPU
	EndGlobalSection
	GlobalSection(ProjectConfigurationPlatforms) = postSolution
		{91AB99F6-CE5B-4E65-8247-9A55C7BB02BB}.Debug|Any CPU.ActiveCfg = Debug|Any CPU
		{91AB99F6-CE5B-4E65-8247-9A55C7BB02BB}.Debug|Any CPU.Build.0 = Debug|Any CPU
		{91AB99F6-CE5B-4E65-8247-9A55C7BB02BB}.Release|Any CPU.ActiveCfg = Release|Any CPU
		{91AB99F6-CE5B-4E65-8247-9A55C7BB02BB}.Release|Any CPU.Build.0 = Release|Any CPU
	EndGlobalSection
	GlobalSection(SolutionProperties) = preSolution
		HideSolutionNode = FALSE
	EndGlobalSection
	GlobalSection(ExtensibilityGlobals) = postSolution
		SolutionGuid = {CF75B6D5-DB73-4426-B63C-5097C9FDAFE2}
	EndGlobalSection
EndGlobal
